// !$*UTF8*$!
{
	archiveVersion = 1;
	classes = {
	};
	objectVersion = 55;
	objects = {

/* Begin PBXBuildFile section */
		42588606958D7FD261CBB8BD /* Pods_Flixter_FlixterUITests.framework in Frameworks */ = {isa = PBXBuildFile; fileRef = 97E22E35954DC2B11F72E0A9 /* Pods_Flixter_FlixterUITests.framework */; };
		A4B4F48427AB18A2000CDEDD /* AppDelegate.swift in Sources */ = {isa = PBXBuildFile; fileRef = A4B4F48327AB18A2000CDEDD /* AppDelegate.swift */; };
		A4B4F48627AB18A2000CDEDD /* SceneDelegate.swift in Sources */ = {isa = PBXBuildFile; fileRef = A4B4F48527AB18A2000CDEDD /* SceneDelegate.swift */; };
		A4B4F48827AB18A2000CDEDD /* ViewController.swift in Sources */ = {isa = PBXBuildFile; fileRef = A4B4F48727AB18A2000CDEDD /* ViewController.swift */; };
		A4B4F48B27AB18A2000CDEDD /* Main.storyboard in Resources */ = {isa = PBXBuildFile; fileRef = A4B4F48927AB18A2000CDEDD /* Main.storyboard */; };
		A4B4F48D27AB18AA000CDEDD /* Assets.xcassets in Resources */ = {isa = PBXBuildFile; fileRef = A4B4F48C27AB18AA000CDEDD /* Assets.xcassets */; };
		A4B4F49027AB18AA000CDEDD /* LaunchScreen.storyboard in Resources */ = {isa = PBXBuildFile; fileRef = A4B4F48E27AB18AA000CDEDD /* LaunchScreen.storyboard */; };
		A4B4F49B27AB18AB000CDEDD /* FlixterTests.swift in Sources */ = {isa = PBXBuildFile; fileRef = A4B4F49A27AB18AB000CDEDD /* FlixterTests.swift */; };
		A4B4F4A527AB18AB000CDEDD /* FlixterUITests.swift in Sources */ = {isa = PBXBuildFile; fileRef = A4B4F4A427AB18AB000CDEDD /* FlixterUITests.swift */; };
		A4B4F4A727AB18AB000CDEDD /* FlixterUITestsLaunchTests.swift in Sources */ = {isa = PBXBuildFile; fileRef = A4B4F4A627AB18AB000CDEDD /* FlixterUITestsLaunchTests.swift */; };
		A4B4F4B427AB3213000CDEDD /* MovieCell.swift in Sources */ = {isa = PBXBuildFile; fileRef = A4B4F4B327AB3213000CDEDD /* MovieCell.swift */; };
		A4B4F4B627AB7AB3000CDEDD /* MovieViewController.swift in Sources */ = {isa = PBXBuildFile; fileRef = A4B4F4B527AB7AB3000CDEDD /* MovieViewController.swift */; };
		A4DEEDC2D7532021A946295C /* Pods_FlixterTests.framework in Frameworks */ = {isa = PBXBuildFile; fileRef = C5DA3E004FF5A1FB317E5C80 /* Pods_FlixterTests.framework */; };
		FE59BA4218F7054F98687206 /* Pods_Flixter.framework in Frameworks */ = {isa = PBXBuildFile; fileRef = 21867B659DAE45A2B7CA1828 /* Pods_Flixter.framework */; };
/* End PBXBuildFile section */

/* Begin PBXContainerItemProxy section */
		A4B4F49727AB18AB000CDEDD /* PBXContainerItemProxy */ = {
			isa = PBXContainerItemProxy;
			containerPortal = A4B4F47827AB18A2000CDEDD /* Project object */;
			proxyType = 1;
			remoteGlobalIDString = A4B4F47F27AB18A2000CDEDD;
			remoteInfo = Flixter;
		};
		A4B4F4A127AB18AB000CDEDD /* PBXContainerItemProxy */ = {
			isa = PBXContainerItemProxy;
			containerPortal = A4B4F47827AB18A2000CDEDD /* Project object */;
			proxyType = 1;
			remoteGlobalIDString = A4B4F47F27AB18A2000CDEDD;
			remoteInfo = Flixter;
		};
/* End PBXContainerItemProxy section */

/* Begin PBXFileReference section */
		047C58D43B4C78AC8C51B41F /* Pods-Flixter.debug.xcconfig */ = {isa = PBXFileReference; includeInIndex = 1; lastKnownFileType = text.xcconfig; name = "Pods-Flixter.debug.xcconfig"; path = "Target Support Files/Pods-Flixter/Pods-Flixter.debug.xcconfig"; sourceTree = "<group>"; };
		16BF371A49CEE09C35269378 /* Pods-Flixter-FlixterUITests.debug.xcconfig */ = {isa = PBXFileReference; includeInIndex = 1; lastKnownFileType = text.xcconfig; name = "Pods-Flixter-FlixterUITests.debug.xcconfig"; path = "Target Support Files/Pods-Flixter-FlixterUITests/Pods-Flixter-FlixterUITests.debug.xcconfig"; sourceTree = "<group>"; };
		21867B659DAE45A2B7CA1828 /* Pods_Flixter.framework */ = {isa = PBXFileReference; explicitFileType = wrapper.framework; includeInIndex = 0; path = Pods_Flixter.framework; sourceTree = BUILT_PRODUCTS_DIR; };
		6D7705CD05037604A81FA91E /* Pods-Flixter-FlixterUITests.release.xcconfig */ = {isa = PBXFileReference; includeInIndex = 1; lastKnownFileType = text.xcconfig; name = "Pods-Flixter-FlixterUITests.release.xcconfig"; path = "Target Support Files/Pods-Flixter-FlixterUITests/Pods-Flixter-FlixterUITests.release.xcconfig"; sourceTree = "<group>"; };
		97E22E35954DC2B11F72E0A9 /* Pods_Flixter_FlixterUITests.framework */ = {isa = PBXFileReference; explicitFileType = wrapper.framework; includeInIndex = 0; path = Pods_Flixter_FlixterUITests.framework; sourceTree = BUILT_PRODUCTS_DIR; };
		A23F7556DB4163AB3CCCD03A /* Pods-FlixterTests.debug.xcconfig */ = {isa = PBXFileReference; includeInIndex = 1; lastKnownFileType = text.xcconfig; name = "Pods-FlixterTests.debug.xcconfig"; path = "Target Support Files/Pods-FlixterTests/Pods-FlixterTests.debug.xcconfig"; sourceTree = "<group>"; };
		A4B4F48027AB18A2000CDEDD /* Flixter.app */ = {isa = PBXFileReference; explicitFileType = wrapper.application; includeInIndex = 0; path = Flixter.app; sourceTree = BUILT_PRODUCTS_DIR; };
		A4B4F48327AB18A2000CDEDD /* AppDelegate.swift */ = {isa = PBXFileReference; lastKnownFileType = sourcecode.swift; path = AppDelegate.swift; sourceTree = "<group>"; };
		A4B4F48527AB18A2000CDEDD /* SceneDelegate.swift */ = {isa = PBXFileReference; lastKnownFileType = sourcecode.swift; path = SceneDelegate.swift; sourceTree = "<group>"; };
		A4B4F48727AB18A2000CDEDD /* ViewController.swift */ = {isa = PBXFileReference; lastKnownFileType = sourcecode.swift; path = ViewController.swift; sourceTree = "<group>"; };
		A4B4F48A27AB18A2000CDEDD /* Base */ = {isa = PBXFileReference; lastKnownFileType = file.storyboard; name = Base; path = Base.lproj/Main.storyboard; sourceTree = "<group>"; };
		A4B4F48C27AB18AA000CDEDD /* Assets.xcassets */ = {isa = PBXFileReference; lastKnownFileType = folder.assetcatalog; path = Assets.xcassets; sourceTree = "<group>"; };
		A4B4F48F27AB18AA000CDEDD /* Base */ = {isa = PBXFileReference; lastKnownFileType = file.storyboard; name = Base; path = Base.lproj/LaunchScreen.storyboard; sourceTree = "<group>"; };
		A4B4F49127AB18AA000CDEDD /* Info.plist */ = {isa = PBXFileReference; lastKnownFileType = text.plist.xml; path = Info.plist; sourceTree = "<group>"; };
		A4B4F49627AB18AB000CDEDD /* FlixterTests.xctest */ = {isa = PBXFileReference; explicitFileType = wrapper.cfbundle; includeInIndex = 0; path = FlixterTests.xctest; sourceTree = BUILT_PRODUCTS_DIR; };
		A4B4F49A27AB18AB000CDEDD /* FlixterTests.swift */ = {isa = PBXFileReference; lastKnownFileType = sourcecode.swift; path = FlixterTests.swift; sourceTree = "<group>"; };
		A4B4F4A027AB18AB000CDEDD /* FlixterUITests.xctest */ = {isa = PBXFileReference; explicitFileType = wrapper.cfbundle; includeInIndex = 0; path = FlixterUITests.xctest; sourceTree = BUILT_PRODUCTS_DIR; };
		A4B4F4A427AB18AB000CDEDD /* FlixterUITests.swift */ = {isa = PBXFileReference; lastKnownFileType = sourcecode.swift; path = FlixterUITests.swift; sourceTree = "<group>"; };
		A4B4F4A627AB18AB000CDEDD /* FlixterUITestsLaunchTests.swift */ = {isa = PBXFileReference; lastKnownFileType = sourcecode.swift; path = FlixterUITestsLaunchTests.swift; sourceTree = "<group>"; };
		A4B4F4B327AB3213000CDEDD /* MovieCell.swift */ = {isa = PBXFileReference; lastKnownFileType = sourcecode.swift; path = MovieCell.swift; sourceTree = "<group>"; };
		A4B4F4B527AB7AB3000CDEDD /* MovieViewController.swift */ = {isa = PBXFileReference; lastKnownFileType = sourcecode.swift; path = MovieViewController.swift; sourceTree = "<group>"; };
		C5DA3E004FF5A1FB317E5C80 /* Pods_FlixterTests.framework */ = {isa = PBXFileReference; explicitFileType = wrapper.framework; includeInIndex = 0; path = Pods_FlixterTests.framework; sourceTree = BUILT_PRODUCTS_DIR; };
		EC40B9BBF13F92F8E643E1E1 /* Pods-FlixterTests.release.xcconfig */ = {isa = PBXFileReference; includeInIndex = 1; lastKnownFileType = text.xcconfig; name = "Pods-FlixterTests.release.xcconfig"; path = "Target Support Files/Pods-FlixterTests/Pods-FlixterTests.release.xcconfig"; sourceTree = "<group>"; };
		FB1C8411A2CED8EF7B431B0D /* Pods-Flixter.release.xcconfig */ = {isa = PBXFileReference; includeInIndex = 1; lastKnownFileType = text.xcconfig; name = "Pods-Flixter.release.xcconfig"; path = "Target Support Files/Pods-Flixter/Pods-Flixter.release.xcconfig"; sourceTree = "<group>"; };
/* End PBXFileReference section */

/* Begin PBXFrameworksBuildPhase section */
		A4B4F47D27AB18A2000CDEDD /* Frameworks */ = {
			isa = PBXFrameworksBuildPhase;
			buildActionMask = 2147483647;
			files = (
				FE59BA4218F7054F98687206 /* Pods_Flixter.framework in Frameworks */,
			);
			runOnlyForDeploymentPostprocessing = 0;
		};
		A4B4F49327AB18AB000CDEDD /* Frameworks */ = {
			isa = PBXFrameworksBuildPhase;
			buildActionMask = 2147483647;
			files = (
				A4DEEDC2D7532021A946295C /* Pods_FlixterTests.framework in Frameworks */,
			);
			runOnlyForDeploymentPostprocessing = 0;
		};
		A4B4F49D27AB18AB000CDEDD /* Frameworks */ = {
			isa = PBXFrameworksBuildPhase;
			buildActionMask = 2147483647;
			files = (
				42588606958D7FD261CBB8BD /* Pods_Flixter_FlixterUITests.framework in Frameworks */,
			);
			runOnlyForDeploymentPostprocessing = 0;
		};
/* End PBXFrameworksBuildPhase section */

/* Begin PBXGroup section */
		A4B4F47727AB18A2000CDEDD = {
			isa = PBXGroup;
			children = (
				A4B4F48227AB18A2000CDEDD /* Flixter */,
				A4B4F49927AB18AB000CDEDD /* FlixterTests */,
				A4B4F4A327AB18AB000CDEDD /* FlixterUITests */,
				A4B4F48127AB18A2000CDEDD /* Products */,
				D812725216B228321485676B /* Pods */,
				E97C4455AA74BEF7EF3F619F /* Frameworks */,
			);
			sourceTree = "<group>";
		};
		A4B4F48127AB18A2000CDEDD /* Products */ = {
			isa = PBXGroup;
			children = (
				A4B4F48027AB18A2000CDEDD /* Flixter.app */,
				A4B4F49627AB18AB000CDEDD /* FlixterTests.xctest */,
				A4B4F4A027AB18AB000CDEDD /* FlixterUITests.xctest */,
			);
			name = Products;
			sourceTree = "<group>";
		};
		A4B4F48227AB18A2000CDEDD /* Flixter */ = {
			isa = PBXGroup;
			children = (
				A4B4F48327AB18A2000CDEDD /* AppDelegate.swift */,
				A4B4F48527AB18A2000CDEDD /* SceneDelegate.swift */,
				A4B4F48727AB18A2000CDEDD /* ViewController.swift */,
				A4B4F4B527AB7AB3000CDEDD /* MovieViewController.swift */,
				A4B4F48927AB18A2000CDEDD /* Main.storyboard */,
				A4B4F48C27AB18AA000CDEDD /* Assets.xcassets */,
				A4B4F48E27AB18AA000CDEDD /* LaunchScreen.storyboard */,
				A4B4F49127AB18AA000CDEDD /* Info.plist */,
				A4B4F4B327AB3213000CDEDD /* MovieCell.swift */,
			);
			path = Flixter;
			sourceTree = "<group>";
		};
		A4B4F49927AB18AB000CDEDD /* FlixterTests */ = {
			isa = PBXGroup;
			children = (
				A4B4F49A27AB18AB000CDEDD /* FlixterTests.swift */,
			);
			path = FlixterTests;
			sourceTree = "<group>";
		};
		A4B4F4A327AB18AB000CDEDD /* FlixterUITests */ = {
			isa = PBXGroup;
			children = (
				A4B4F4A427AB18AB000CDEDD /* FlixterUITests.swift */,
				A4B4F4A627AB18AB000CDEDD /* FlixterUITestsLaunchTests.swift */,
			);
			path = FlixterUITests;
			sourceTree = "<group>";
		};
		D812725216B228321485676B /* Pods */ = {
			isa = PBXGroup;
			children = (
				047C58D43B4C78AC8C51B41F /* Pods-Flixter.debug.xcconfig */,
				FB1C8411A2CED8EF7B431B0D /* Pods-Flixter.release.xcconfig */,
				16BF371A49CEE09C35269378 /* Pods-Flixter-FlixterUITests.debug.xcconfig */,
				6D7705CD05037604A81FA91E /* Pods-Flixter-FlixterUITests.release.xcconfig */,
				A23F7556DB4163AB3CCCD03A /* Pods-FlixterTests.debug.xcconfig */,
				EC40B9BBF13F92F8E643E1E1 /* Pods-FlixterTests.release.xcconfig */,
			);
			name = Pods;
			path = Pods;
			sourceTree = "<group>";
		};
		E97C4455AA74BEF7EF3F619F /* Frameworks */ = {
			isa = PBXGroup;
			children = (
				21867B659DAE45A2B7CA1828 /* Pods_Flixter.framework */,
				97E22E35954DC2B11F72E0A9 /* Pods_Flixter_FlixterUITests.framework */,
				C5DA3E004FF5A1FB317E5C80 /* Pods_FlixterTests.framework */,
			);
			name = Frameworks;
			sourceTree = "<group>";
		};
/* End PBXGroup section */

/* Begin PBXNativeTarget section */
		A4B4F47F27AB18A2000CDEDD /* Flixter */ = {
			isa = PBXNativeTarget;
			buildConfigurationList = A4B4F4AA27AB18AB000CDEDD /* Build configuration list for PBXNativeTarget "Flixter" */;
			buildPhases = (
				6F2AEE5141FB9DD40E833F35 /* [CP] Check Pods Manifest.lock */,
				A4B4F47C27AB18A2000CDEDD /* Sources */,
				A4B4F47D27AB18A2000CDEDD /* Frameworks */,
				A4B4F47E27AB18A2000CDEDD /* Resources */,
				D925C73319D8E38CDBD1D299 /* [CP] Embed Pods Frameworks */,
			);
			buildRules = (
			);
			dependencies = (
			);
			name = Flixter;
			productName = Flixter;
			productReference = A4B4F48027AB18A2000CDEDD /* Flixter.app */;
			productType = "com.apple.product-type.application";
		};
		A4B4F49527AB18AB000CDEDD /* FlixterTests */ = {
			isa = PBXNativeTarget;
			buildConfigurationList = A4B4F4AD27AB18AB000CDEDD /* Build configuration list for PBXNativeTarget "FlixterTests" */;
			buildPhases = (
				457B3B7BC269F6A2E3D640B6 /* [CP] Check Pods Manifest.lock */,
				A4B4F49227AB18AB000CDEDD /* Sources */,
				A4B4F49327AB18AB000CDEDD /* Frameworks */,
				A4B4F49427AB18AB000CDEDD /* Resources */,
			);
			buildRules = (
			);
			dependencies = (
				A4B4F49827AB18AB000CDEDD /* PBXTargetDependency */,
			);
			name = FlixterTests;
			productName = FlixterTests;
			productReference = A4B4F49627AB18AB000CDEDD /* FlixterTests.xctest */;
			productType = "com.apple.product-type.bundle.unit-test";
		};
		A4B4F49F27AB18AB000CDEDD /* FlixterUITests */ = {
			isa = PBXNativeTarget;
			buildConfigurationList = A4B4F4B027AB18AB000CDEDD /* Build configuration list for PBXNativeTarget "FlixterUITests" */;
			buildPhases = (
				462A5C563606F21A3BCED385 /* [CP] Check Pods Manifest.lock */,
				A4B4F49C27AB18AB000CDEDD /* Sources */,
				A4B4F49D27AB18AB000CDEDD /* Frameworks */,
				A4B4F49E27AB18AB000CDEDD /* Resources */,
				2FE70BB18BE709EDEDFFD495 /* [CP] Embed Pods Frameworks */,
			);
			buildRules = (
			);
			dependencies = (
				A4B4F4A227AB18AB000CDEDD /* PBXTargetDependency */,
			);
			name = FlixterUITests;
			productName = FlixterUITests;
			productReference = A4B4F4A027AB18AB000CDEDD /* FlixterUITests.xctest */;
			productType = "com.apple.product-type.bundle.ui-testing";
		};
/* End PBXNativeTarget section */

/* Begin PBXProject section */
		A4B4F47827AB18A2000CDEDD /* Project object */ = {
			isa = PBXProject;
			attributes = {
				BuildIndependentTargetsInParallel = 1;
				LastSwiftUpdateCheck = 1320;
				LastUpgradeCheck = 1320;
				TargetAttributes = {
					A4B4F47F27AB18A2000CDEDD = {
						CreatedOnToolsVersion = 13.2.1;
					};
					A4B4F49527AB18AB000CDEDD = {
						CreatedOnToolsVersion = 13.2.1;
						TestTargetID = A4B4F47F27AB18A2000CDEDD;
					};
					A4B4F49F27AB18AB000CDEDD = {
						CreatedOnToolsVersion = 13.2.1;
						TestTargetID = A4B4F47F27AB18A2000CDEDD;
					};
				};
			};
			buildConfigurationList = A4B4F47B27AB18A2000CDEDD /* Build configuration list for PBXProject "Flixter" */;
			compatibilityVersion = "Xcode 13.0";
			developmentRegion = en;
			hasScannedForEncodings = 0;
			knownRegions = (
				en,
				Base,
			);
			mainGroup = A4B4F47727AB18A2000CDEDD;
			productRefGroup = A4B4F48127AB18A2000CDEDD /* Products */;
			projectDirPath = "";
			projectRoot = "";
			targets = (
				A4B4F47F27AB18A2000CDEDD /* Flixter */,
				A4B4F49527AB18AB000CDEDD /* FlixterTests */,
				A4B4F49F27AB18AB000CDEDD /* FlixterUITests */,
			);
		};
/* End PBXProject section */

/* Begin PBXResourcesBuildPhase section */
		A4B4F47E27AB18A2000CDEDD /* Resources */ = {
			isa = PBXResourcesBuildPhase;
			buildActionMask = 2147483647;
			files = (
				A4B4F49027AB18AA000CDEDD /* LaunchScreen.storyboard in Resources */,
				A4B4F48D27AB18AA000CDEDD /* Assets.xcassets in Resources */,
				A4B4F48B27AB18A2000CDEDD /* Main.storyboard in Resources */,
			);
			runOnlyForDeploymentPostprocessing = 0;
		};
		A4B4F49427AB18AB000CDEDD /* Resources */ = {
			isa = PBXResourcesBuildPhase;
			buildActionMask = 2147483647;
			files = (
			);
			runOnlyForDeploymentPostprocessing = 0;
		};
		A4B4F49E27AB18AB000CDEDD /* Resources */ = {
			isa = PBXResourcesBuildPhase;
			buildActionMask = 2147483647;
			files = (
			);
			runOnlyForDeploymentPostprocessing = 0;
		};
/* End PBXResourcesBuildPhase section */

/* Begin PBXShellScriptBuildPhase section */
		2FE70BB18BE709EDEDFFD495 /* [CP] Embed Pods Frameworks */ = {
			isa = PBXShellScriptBuildPhase;
			buildActionMask = 2147483647;
			files = (
			);
			inputFileListPaths = (
				"${PODS_ROOT}/Target Support Files/Pods-Flixter-FlixterUITests/Pods-Flixter-FlixterUITests-frameworks-${CONFIGURATION}-input-files.xcfilelist",
			);
			name = "[CP] Embed Pods Frameworks";
			outputFileListPaths = (
				"${PODS_ROOT}/Target Support Files/Pods-Flixter-FlixterUITests/Pods-Flixter-FlixterUITests-frameworks-${CONFIGURATION}-output-files.xcfilelist",
			);
			runOnlyForDeploymentPostprocessing = 0;
			shellPath = /bin/sh;
			shellScript = "\"${PODS_ROOT}/Target Support Files/Pods-Flixter-FlixterUITests/Pods-Flixter-FlixterUITests-frameworks.sh\"\n";
			showEnvVarsInLog = 0;
		};
		457B3B7BC269F6A2E3D640B6 /* [CP] Check Pods Manifest.lock */ = {
			isa = PBXShellScriptBuildPhase;
			buildActionMask = 2147483647;
			files = (
			);
			inputFileListPaths = (
			);
			inputPaths = (
				"${PODS_PODFILE_DIR_PATH}/Podfile.lock",
				"${PODS_ROOT}/Manifest.lock",
			);
			name = "[CP] Check Pods Manifest.lock";
			outputFileListPaths = (
			);
			outputPaths = (
				"$(DERIVED_FILE_DIR)/Pods-FlixterTests-checkManifestLockResult.txt",
			);
			runOnlyForDeploymentPostprocessing = 0;
			shellPath = /bin/sh;
			shellScript = "diff \"${PODS_PODFILE_DIR_PATH}/Podfile.lock\" \"${PODS_ROOT}/Manifest.lock\" > /dev/null\nif [ $? != 0 ] ; then\n    # print error to STDERR\n    echo \"error: The sandbox is not in sync with the Podfile.lock. Run 'pod install' or update your CocoaPods installation.\" >&2\n    exit 1\nfi\n# This output is used by Xcode 'outputs' to avoid re-running this script phase.\necho \"SUCCESS\" > \"${SCRIPT_OUTPUT_FILE_0}\"\n";
			showEnvVarsInLog = 0;
		};
		462A5C563606F21A3BCED385 /* [CP] Check Pods Manifest.lock */ = {
			isa = PBXShellScriptBuildPhase;
			buildActionMask = 2147483647;
			files = (
			);
			inputFileListPaths = (
			);
			inputPaths = (
				"${PODS_PODFILE_DIR_PATH}/Podfile.lock",
				"${PODS_ROOT}/Manifest.lock",
			);
			name = "[CP] Check Pods Manifest.lock";
			outputFileListPaths = (
			);
			outputPaths = (
				"$(DERIVED_FILE_DIR)/Pods-Flixter-FlixterUITests-checkManifestLockResult.txt",
			);
			runOnlyForDeploymentPostprocessing = 0;
			shellPath = /bin/sh;
			shellScript = "diff \"${PODS_PODFILE_DIR_PATH}/Podfile.lock\" \"${PODS_ROOT}/Manifest.lock\" > /dev/null\nif [ $? != 0 ] ; then\n    # print error to STDERR\n    echo \"error: The sandbox is not in sync with the Podfile.lock. Run 'pod install' or update your CocoaPods installation.\" >&2\n    exit 1\nfi\n# This output is used by Xcode 'outputs' to avoid re-running this script phase.\necho \"SUCCESS\" > \"${SCRIPT_OUTPUT_FILE_0}\"\n";
			showEnvVarsInLog = 0;
		};
		6F2AEE5141FB9DD40E833F35 /* [CP] Check Pods Manifest.lock */ = {
			isa = PBXShellScriptBuildPhase;
			buildActionMask = 2147483647;
			files = (
			);
			inputFileListPaths = (
			);
			inputPaths = (
				"${PODS_PODFILE_DIR_PATH}/Podfile.lock",
				"${PODS_ROOT}/Manifest.lock",
			);
			name = "[CP] Check Pods Manifest.lock";
			outputFileListPaths = (
			);
			outputPaths = (
				"$(DERIVED_FILE_DIR)/Pods-Flixter-checkManifestLockResult.txt",
			);
			runOnlyForDeploymentPostprocessing = 0;
			shellPath = /bin/sh;
			shellScript = "diff \"${PODS_PODFILE_DIR_PATH}/Podfile.lock\" \"${PODS_ROOT}/Manifest.lock\" > /dev/null\nif [ $? != 0 ] ; then\n    # print error to STDERR\n    echo \"error: The sandbox is not in sync with the Podfile.lock. Run 'pod install' or update your CocoaPods installation.\" >&2\n    exit 1\nfi\n# This output is used by Xcode 'outputs' to avoid re-running this script phase.\necho \"SUCCESS\" > \"${SCRIPT_OUTPUT_FILE_0}\"\n";
			showEnvVarsInLog = 0;
		};
		D925C73319D8E38CDBD1D299 /* [CP] Embed Pods Frameworks */ = {
			isa = PBXShellScriptBuildPhase;
			buildActionMask = 2147483647;
			files = (
			);
			inputFileListPaths = (
				"${PODS_ROOT}/Target Support Files/Pods-Flixter/Pods-Flixter-frameworks-${CONFIGURATION}-input-files.xcfilelist",
			);
			name = "[CP] Embed Pods Frameworks";
			outputFileListPaths = (
				"${PODS_ROOT}/Target Support Files/Pods-Flixter/Pods-Flixter-frameworks-${CONFIGURATION}-output-files.xcfilelist",
			);
			runOnlyForDeploymentPostprocessing = 0;
			shellPath = /bin/sh;
			shellScript = "\"${PODS_ROOT}/Target Support Files/Pods-Flixter/Pods-Flixter-frameworks.sh\"\n";
			showEnvVarsInLog = 0;
		};
/* End PBXShellScriptBuildPhase section */

/* Begin PBXSourcesBuildPhase section */
		A4B4F47C27AB18A2000CDEDD /* Sources */ = {
			isa = PBXSourcesBuildPhase;
			buildActionMask = 2147483647;
			files = (
				A4B4F48827AB18A2000CDEDD /* ViewController.swift in Sources */,
				A4B4F4B627AB7AB3000CDEDD /* MovieViewController.swift in Sources */,
				A4B4F48427AB18A2000CDEDD /* AppDelegate.swift in Sources */,
				A4B4F4B427AB3213000CDEDD /* MovieCell.swift in Sources */,
				A4B4F48627AB18A2000CDEDD /* SceneDelegate.swift in Sources */,
			);
			runOnlyForDeploymentPostprocessing = 0;
		};
		A4B4F49227AB18AB000CDEDD /* Sources */ = {
			isa = PBXSourcesBuildPhase;
			buildActionMask = 2147483647;
			files = (
				A4B4F49B27AB18AB000CDEDD /* FlixterTests.swift in Sources */,
			);
			runOnlyForDeploymentPostprocessing = 0;
		};
		A4B4F49C27AB18AB000CDEDD /* Sources */ = {
			isa = PBXSourcesBuildPhase;
			buildActionMask = 2147483647;
			files = (
				A4B4F4A527AB18AB000CDEDD /* FlixterUITests.swift in Sources */,
				A4B4F4A727AB18AB000CDEDD /* FlixterUITestsLaunchTests.swift in Sources */,
			);
			runOnlyForDeploymentPostprocessing = 0;
		};
/* End PBXSourcesBuildPhase section */

/* Begin PBXTargetDependency section */
		A4B4F49827AB18AB000CDEDD /* PBXTargetDependency */ = {
			isa = PBXTargetDependency;
			target = A4B4F47F27AB18A2000CDEDD /* Flixter */;
			targetProxy = A4B4F49727AB18AB000CDEDD /* PBXContainerItemProxy */;
		};
		A4B4F4A227AB18AB000CDEDD /* PBXTargetDependency */ = {
			isa = PBXTargetDependency;
			target = A4B4F47F27AB18A2000CDEDD /* Flixter */;
			targetProxy = A4B4F4A127AB18AB000CDEDD /* PBXContainerItemProxy */;
		};
/* End PBXTargetDependency section */

/* Begin PBXVariantGroup section */
		A4B4F48927AB18A2000CDEDD /* Main.storyboard */ = {
			isa = PBXVariantGroup;
			children = (
				A4B4F48A27AB18A2000CDEDD /* Base */,
			);
			name = Main.storyboard;
			sourceTree = "<group>";
		};
		A4B4F48E27AB18AA000CDEDD /* LaunchScreen.storyboard */ = {
			isa = PBXVariantGroup;
			children = (
				A4B4F48F27AB18AA000CDEDD /* Base */,
			);
			name = LaunchScreen.storyboard;
			sourceTree = "<group>";
		};
/* End PBXVariantGroup section */

/* Begin XCBuildConfiguration section */
		A4B4F4A827AB18AB000CDEDD /* Debug */ = {
			isa = XCBuildConfiguration;
			buildSettings = {
				ALWAYS_SEARCH_USER_PATHS = NO;
				CLANG_ANALYZER_NONNULL = YES;
				CLANG_ANALYZER_NUMBER_OBJECT_CONVERSION = YES_AGGRESSIVE;
				CLANG_CXX_LANGUAGE_STANDARD = "gnu++17";
				CLANG_CXX_LIBRARY = "libc++";
				CLANG_ENABLE_MODULES = YES;
				CLANG_ENABLE_OBJC_ARC = YES;
				CLANG_ENABLE_OBJC_WEAK = YES;
				CLANG_WARN_BLOCK_CAPTURE_AUTORELEASING = YES;
				CLANG_WARN_BOOL_CONVERSION = YES;
				CLANG_WARN_COMMA = YES;
				CLANG_WARN_CONSTANT_CONVERSION = YES;
				CLANG_WARN_DEPRECATED_OBJC_IMPLEMENTATIONS = YES;
				CLANG_WARN_DIRECT_OBJC_ISA_USAGE = YES_ERROR;
				CLANG_WARN_DOCUMENTATION_COMMENTS = YES;
				CLANG_WARN_EMPTY_BODY = YES;
				CLANG_WARN_ENUM_CONVERSION = YES;
				CLANG_WARN_INFINITE_RECURSION = YES;
				CLANG_WARN_INT_CONVERSION = YES;
				CLANG_WARN_NON_LITERAL_NULL_CONVERSION = YES;
				CLANG_WARN_OBJC_IMPLICIT_RETAIN_SELF = YES;
				CLANG_WARN_OBJC_LITERAL_CONVERSION = YES;
				CLANG_WARN_OBJC_ROOT_CLASS = YES_ERROR;
				CLANG_WARN_QUOTED_INCLUDE_IN_FRAMEWORK_HEADER = YES;
				CLANG_WARN_RANGE_LOOP_ANALYSIS = YES;
				CLANG_WARN_STRICT_PROTOTYPES = YES;
				CLANG_WARN_SUSPICIOUS_MOVE = YES;
				CLANG_WARN_UNGUARDED_AVAILABILITY = YES_AGGRESSIVE;
				CLANG_WARN_UNREACHABLE_CODE = YES;
				CLANG_WARN__DUPLICATE_METHOD_MATCH = YES;
				COPY_PHASE_STRIP = NO;
				DEBUG_INFORMATION_FORMAT = dwarf;
				ENABLE_STRICT_OBJC_MSGSEND = YES;
				ENABLE_TESTABILITY = YES;
				GCC_C_LANGUAGE_STANDARD = gnu11;
				GCC_DYNAMIC_NO_PIC = NO;
				GCC_NO_COMMON_BLOCKS = YES;
				GCC_OPTIMIZATION_LEVEL = 0;
				GCC_PREPROCESSOR_DEFINITIONS = (
					"DEBUG=1",
					"$(inherited)",
				);
				GCC_WARN_64_TO_32_BIT_CONVERSION = YES;
				GCC_WARN_ABOUT_RETURN_TYPE = YES_ERROR;
				GCC_WARN_UNDECLARED_SELECTOR = YES;
				GCC_WARN_UNINITIALIZED_AUTOS = YES_AGGRESSIVE;
				GCC_WARN_UNUSED_FUNCTION = YES;
				GCC_WARN_UNUSED_VARIABLE = YES;
				IPHONEOS_DEPLOYMENT_TARGET = 15.2;
				MTL_ENABLE_DEBUG_INFO = INCLUDE_SOURCE;
				MTL_FAST_MATH = YES;
				ONLY_ACTIVE_ARCH = YES;
				SDKROOT = iphoneos;
				SWIFT_ACTIVE_COMPILATION_CONDITIONS = DEBUG;
				SWIFT_OPTIMIZATION_LEVEL = "-Onone";
			};
			name = Debug;
		};
		A4B4F4A927AB18AB000CDEDD /* Release */ = {
			isa = XCBuildConfiguration;
			buildSettings = {
				ALWAYS_SEARCH_USER_PATHS = NO;
				CLANG_ANALYZER_NONNULL = YES;
				CLANG_ANALYZER_NUMBER_OBJECT_CONVERSION = YES_AGGRESSIVE;
				CLANG_CXX_LANGUAGE_STANDARD = "gnu++17";
				CLANG_CXX_LIBRARY = "libc++";
				CLANG_ENABLE_MODULES = YES;
				CLANG_ENABLE_OBJC_ARC = YES;
				CLANG_ENABLE_OBJC_WEAK = YES;
				CLANG_WARN_BLOCK_CAPTURE_AUTORELEASING = YES;
				CLANG_WARN_BOOL_CONVERSION = YES;
				CLANG_WARN_COMMA = YES;
				CLANG_WARN_CONSTANT_CONVERSION = YES;
				CLANG_WARN_DEPRECATED_OBJC_IMPLEMENTATIONS = YES;
				CLANG_WARN_DIRECT_OBJC_ISA_USAGE = YES_ERROR;
				CLANG_WARN_DOCUMENTATION_COMMENTS = YES;
				CLANG_WARN_EMPTY_BODY = YES;
				CLANG_WARN_ENUM_CONVERSION = YES;
				CLANG_WARN_INFINITE_RECURSION = YES;
				CLANG_WARN_INT_CONVERSION = YES;
				CLANG_WARN_NON_LITERAL_NULL_CONVERSION = YES;
				CLANG_WARN_OBJC_IMPLICIT_RETAIN_SELF = YES;
				CLANG_WARN_OBJC_LITERAL_CONVERSION = YES;
				CLANG_WARN_OBJC_ROOT_CLASS = YES_ERROR;
				CLANG_WARN_QUOTED_INCLUDE_IN_FRAMEWORK_HEADER = YES;
				CLANG_WARN_RANGE_LOOP_ANALYSIS = YES;
				CLANG_WARN_STRICT_PROTOTYPES = YES;
				CLANG_WARN_SUSPICIOUS_MOVE = YES;
				CLANG_WARN_UNGUARDED_AVAILABILITY = YES_AGGRESSIVE;
				CLANG_WARN_UNREACHABLE_CODE = YES;
				CLANG_WARN__DUPLICATE_METHOD_MATCH = YES;
				COPY_PHASE_STRIP = NO;
				DEBUG_INFORMATION_FORMAT = "dwarf-with-dsym";
				ENABLE_NS_ASSERTIONS = NO;
				ENABLE_STRICT_OBJC_MSGSEND = YES;
				GCC_C_LANGUAGE_STANDARD = gnu11;
				GCC_NO_COMMON_BLOCKS = YES;
				GCC_WARN_64_TO_32_BIT_CONVERSION = YES;
				GCC_WARN_ABOUT_RETURN_TYPE = YES_ERROR;
				GCC_WARN_UNDECLARED_SELECTOR = YES;
				GCC_WARN_UNINITIALIZED_AUTOS = YES_AGGRESSIVE;
				GCC_WARN_UNUSED_FUNCTION = YES;
				GCC_WARN_UNUSED_VARIABLE = YES;
				IPHONEOS_DEPLOYMENT_TARGET = 15.2;
				MTL_ENABLE_DEBUG_INFO = NO;
				MTL_FAST_MATH = YES;
				SDKROOT = iphoneos;
				SWIFT_COMPILATION_MODE = wholemodule;
				SWIFT_OPTIMIZATION_LEVEL = "-O";
				VALIDATE_PRODUCT = YES;
			};
			name = Release;
		};
		A4B4F4AB27AB18AB000CDEDD /* Debug */ = {
			isa = XCBuildConfiguration;
			baseConfigurationReference = 047C58D43B4C78AC8C51B41F /* Pods-Flixter.debug.xcconfig */;
			buildSettings = {
				ASSETCATALOG_COMPILER_APPICON_NAME = AppIcon;
				ASSETCATALOG_COMPILER_GLOBAL_ACCENT_COLOR_NAME = AccentColor;
				CODE_SIGN_STYLE = Automatic;
				CURRENT_PROJECT_VERSION = 1;
				DEVELOPMENT_TEAM = 5LT982YM77;
				GENERATE_INFOPLIST_FILE = YES;
				INFOPLIST_FILE = Flixter/Info.plist;
				INFOPLIST_KEY_UIApplicationSupportsIndirectInputEvents = YES;
				INFOPLIST_KEY_UILaunchStoryboardName = LaunchScreen;
				INFOPLIST_KEY_UIMainStoryboardFile = Main;
				INFOPLIST_KEY_UISupportedInterfaceOrientations_iPad = "UIInterfaceOrientationPortrait UIInterfaceOrientationPortraitUpsideDown UIInterfaceOrientationLandscapeLeft UIInterfaceOrientationLandscapeRight";
				INFOPLIST_KEY_UISupportedInterfaceOrientations_iPhone = "UIInterfaceOrientationPortrait UIInterfaceOrientationLandscapeLeft UIInterfaceOrientationLandscapeRight";
				LD_RUNPATH_SEARCH_PATHS = (
					"$(inherited)",
					"@executable_path/Frameworks",
				);
				MARKETING_VERSION = 1.0;
				PRODUCT_BUNDLE_IDENTIFIER = com.codepath.Flixter2;
				PRODUCT_NAME = "$(TARGET_NAME)";
				SWIFT_EMIT_LOC_STRINGS = YES;
				SWIFT_VERSION = 5.0;
				TARGETED_DEVICE_FAMILY = "1,2";
			};
			name = Debug;
		};
		A4B4F4AC27AB18AB000CDEDD /* Release */ = {
			isa = XCBuildConfiguration;
			baseConfigurationReference = FB1C8411A2CED8EF7B431B0D /* Pods-Flixter.release.xcconfig */;
			buildSettings = {
				ASSETCATALOG_COMPILER_APPICON_NAME = AppIcon;
				ASSETCATALOG_COMPILER_GLOBAL_ACCENT_COLOR_NAME = AccentColor;
				CODE_SIGN_STYLE = Automatic;
				CURRENT_PROJECT_VERSION = 1;
				DEVELOPMENT_TEAM = 5LT982YM77;
				GENERATE_INFOPLIST_FILE = YES;
				INFOPLIST_FILE = Flixter/Info.plist;
				INFOPLIST_KEY_UIApplicationSupportsIndirectInputEvents = YES;
				INFOPLIST_KEY_UILaunchStoryboardName = LaunchScreen;
				INFOPLIST_KEY_UIMainStoryboardFile = Main;
				INFOPLIST_KEY_UISupportedInterfaceOrientations_iPad = "UIInterfaceOrientationPortrait UIInterfaceOrientationPortraitUpsideDown UIInterfaceOrientationLandscapeLeft UIInterfaceOrientationLandscapeRight";
				INFOPLIST_KEY_UISupportedInterfaceOrientations_iPhone = "UIInterfaceOrientationPortrait UIInterfaceOrientationLandscapeLeft UIInterfaceOrientationLandscapeRight";
				LD_RUNPATH_SEARCH_PATHS = (
					"$(inherited)",
					"@executable_path/Frameworks",
				);
				MARKETING_VERSION = 1.0;
				PRODUCT_BUNDLE_IDENTIFIER = com.codepath.Flixter2;
				PRODUCT_NAME = "$(TARGET_NAME)";
				SWIFT_EMIT_LOC_STRINGS = YES;
				SWIFT_VERSION = 5.0;
				TARGETED_DEVICE_FAMILY = "1,2";
			};
			name = Release;
		};
		A4B4F4AE27AB18AB000CDEDD /* Debug */ = {
			isa = XCBuildConfiguration;
			baseConfigurationReference = A23F7556DB4163AB3CCCD03A /* Pods-FlixterTests.debug.xcconfig */;
			buildSettings = {
				ALWAYS_EMBED_SWIFT_STANDARD_LIBRARIES = YES;
				BUNDLE_LOADER = "$(TEST_HOST)";
				CODE_SIGN_STYLE = Automatic;
				CURRENT_PROJECT_VERSION = 1;
				DEVELOPMENT_TEAM = 5LT982YM77;
				GENERATE_INFOPLIST_FILE = YES;
				IPHONEOS_DEPLOYMENT_TARGET = 15.2;
				MARKETING_VERSION = 1.0;
				PRODUCT_BUNDLE_IDENTIFIER = com.codepath.FlixterTests;
				PRODUCT_NAME = "$(TARGET_NAME)";
				SWIFT_EMIT_LOC_STRINGS = NO;
				SWIFT_VERSION = 5.0;
				TARGETED_DEVICE_FAMILY = "1,2";
				TEST_HOST = "$(BUILT_PRODUCTS_DIR)/Flixter.app/Flixter";
			};
			name = Debug;
		};
		A4B4F4AF27AB18AB000CDEDD /* Release */ = {
			isa = XCBuildConfiguration;
			baseConfigurationReference = EC40B9BBF13F92F8E643E1E1 /* Pods-FlixterTests.release.xcconfig */;
			buildSettings = {
				ALWAYS_EMBED_SWIFT_STANDARD_LIBRARIES = YES;
				BUNDLE_LOADER = "$(TEST_HOST)";
				CODE_SIGN_STYLE = Automatic;
				CURRENT_PROJECT_VERSION = 1;
				DEVELOPMENT_TEAM = 5LT982YM77;
				GENERATE_INFOPLIST_FILE = YES;
				IPHONEOS_DEPLOYMENT_TARGET = 15.2;
				MARKETING_VERSION = 1.0;
				PRODUCT_BUNDLE_IDENTIFIER = com.codepath.FlixterTests;
				PRODUCT_NAME = "$(TARGET_NAME)";
				SWIFT_EMIT_LOC_STRINGS = NO;
				SWIFT_VERSION = 5.0;
				TARGETED_DEVICE_FAMILY = "1,2";
				TEST_HOST = "$(BUILT_PRODUCTS_DIR)/Flixter.app/Flixter";
			};
			name = Release;
		};
		A4B4F4B127AB18AB000CDEDD /* Debug */ = {
			isa = XCBuildConfiguration;
			baseConfigurationReference = 16BF371A49CEE09C35269378 /* Pods-Flixter-FlixterUITests.debug.xcconfig */;
			buildSettings = {
				ALWAYS_EMBED_SWIFT_STANDARD_LIBRARIES = YES;
				CODE_SIGN_STYLE = Automatic;
				CURRENT_PROJECT_VERSION = 1;
				DEVELOPMENT_TEAM = 5LT982YM77;
				GENERATE_INFOPLIST_FILE = YES;
				MARKETING_VERSION = 1.0;
				PRODUCT_BUNDLE_IDENTIFIER = com.codepath.FlixterUITests;
				PRODUCT_NAME = "$(TARGET_NAME)";
				SWIFT_EMIT_LOC_STRINGS = NO;
				SWIFT_VERSION = 5.0;
				TARGETED_DEVICE_FAMILY = "1,2";
				TEST_TARGET_NAME = Flixter;
			};
			name = Debug;
		};
		A4B4F4B227AB18AB000CDEDD /* Release */ = {
			isa = XCBuildConfiguration;
			baseConfigurationReference = 6D7705CD05037604A81FA91E /* Pods-Flixter-FlixterUITests.release.xcconfig */;
			buildSettings = {
				ALWAYS_EMBED_SWIFT_STANDARD_LIBRARIES = YES;
				CODE_SIGN_STYLE = Automatic;
				CURRENT_PROJECT_VERSION = 1;
				DEVELOPMENT_TEAM = 5LT982YM77;
				GENERATE_INFOPLIST_FILE = YES;
				MARKETING_VERSION = 1.0;
				PRODUCT_BUNDLE_IDENTIFIER = com.codepath.FlixterUITests;
				PRODUCT_NAME = "$(TARGET_NAME)";
				SWIFT_EMIT_LOC_STRINGS = NO;
				SWIFT_VERSION = 5.0;
				TARGETED_DEVICE_FAMILY = "1,2";
				TEST_TARGET_NAME = Flixter;
			};
			name = Release;
		};
/* End XCBuildConfiguration section */

/* Begin XCConfigurationList section */
		A4B4F47B27AB18A2000CDEDD /* Build configuration list for PBXProject "Flixter" */ = {
			isa = XCConfigurationList;
			buildConfigurations = (
				A4B4F4A827AB18AB000CDEDD /* Debug */,
				A4B4F4A927AB18AB000CDEDD /* Release */,
			);
			defaultConfigurationIsVisible = 0;
			defaultConfigurationName = Release;
		};
		A4B4F4AA27AB18AB000CDEDD /* Build configuration list for PBXNativeTarget "Flixter" */ = {
			isa = XCConfigurationList;
			buildConfigurations = (
				A4B4F4AB27AB18AB000CDEDD /* Debug */,
				A4B4F4AC27AB18AB000CDEDD /* Release */,
			);
			defaultConfigurationIsVisible = 0;
			defaultConfigurationName = Release;
		};
		A4B4F4AD27AB18AB000CDEDD /* Build configuration list for PBXNativeTarget "FlixterTests" */ = {
			isa = XCConfigurationList;
			buildConfigurations = (
				A4B4F4AE27AB18AB000CDEDD /* Debug */,
				A4B4F4AF27AB18AB000CDEDD /* Release */,
			);
			defaultConfigurationIsVisible = 0;
			defaultConfigurationName = Release;
		};
		A4B4F4B027AB18AB000CDEDD /* Build configuration list for PBXNativeTarget "FlixterUITests" */ = {
			isa = XCConfigurationList;
			buildConfigurations = (
				A4B4F4B127AB18AB000CDEDD /* Debug */,
				A4B4F4B227AB18AB000CDEDD /* Release */,
			);
			defaultConfigurationIsVisible = 0;
			defaultConfigurationName = Release;
		};
/* End XCConfigurationList section */
	};
	rootObject = A4B4F47827AB18A2000CDEDD /* Project object */;
}
